
Microsoft Visual Studio Solution File, Format Version 12.00
# Visual Studio 2013
VisualStudioVersion = 12.0.30501.0
MinimumVisualStudioVersion = 10.0.40219.1
Project("{8BC9CEB8-8B4A-11D0-8D11-00A0C91BC942}") = "w01", "w01\w01.vcxproj", "{422E1E1A-9BAB-46C0-9D7E-F023D464886D}"
EndProject
Project("{8BC9CEB8-8B4A-11D0-8D11-00A0C91BC942}") = "w02", "w02\w02.vcxproj", "{2874AAB0-EDFE-4F82-BB88-396D632F622A}"
EndProject
Global
	GlobalSection(SolutionConfigurationPlatforms) = preSolution
		Debug|Win32 = Debug|Win32
		Release|Win32 = Release|Win32
	EndGlobalSection
	GlobalSection(ProjectConfigurationPlatforms) = postSolution
		{422E1E1A-9BAB-46C0-9D7E-F023D464886D}.Debug|Win32.ActiveCfg = Debug|Win32
		{422E1E1A-9BAB-46C0-9D7E-F023D464886D}.Debug|Win32.Build.0 = Debug|Win32
		{422E1E1A-9BAB-46C0-9D7E-F023D464886D}.Release|Win32.ActiveCfg = Release|Win32
		{422E1E1A-9BAB-46C0-9D7E-F023D464886D}.Release|Win32.Build.0 = Release|Win32
		{2874AAB0-EDFE-4F82-BB88-396D632F622A}.Debug|Win32.ActiveCfg = Debug|Win32
		{2874AAB0-EDFE-4F82-BB88-396D632F622A}.Debug|Win32.Build.0 = Debug|Win32
		{2874AAB0-EDFE-4F82-BB88-396D632F622A}.Release|Win32.ActiveCfg = Release|Win32
		{2874AAB0-EDFE-4F82-BB88-396D632F622A}.Release|Win32.Build.0 = Release|Win32
	EndGlobalSection
	GlobalSection(SolutionProperties) = preSolution
		HideSolutionNode = FALSE
	EndGlobalSection
EndGlobal
